{
  "name": "@mitraksh/repo3",
  "version": "1.0.0",
  "lockfileVersion": 2,
  "requires": true,
  "packages": {
    "": {
      "name": "@mitraksh/repo3",
      "version": "1.0.0",
      "license": "ISC",
      "dependencies": {
        "@mitraksh/repo1": "file:../repo1"
      }
    },
    "../repo1": {
      "name": "@mitraksh/repo1",
      "version": "1.0.2",
      "license": "ISC"
    },
    "node_modules/@mitraksh/repo1": {
      "resolved": "../repo1",
      "link": true
    }
  },
  "dependencies": {
    "@mitraksh/repo1": {
      "version": "file:../repo1"
    }
  }
}
