{
  "name": "@mitraksh/repo3",
  "version": "1.0.0",
  "lockfileVersion": 2,
  "requires": true,
  "packages": {
    "": {
      "name": "@mitraksh/repo3",
      "version": "1.0.0",
      "license": "ISC",
      "dependencies": {
        "@mitraksh/repo1": "^1.0.2"
      }
    },
    "node_modules/@mitraksh/repo1": {
      "version": "1.0.5",
      "resolved": "https://registry.npmjs.org/@mitraksh/repo1/-/repo1-1.0.5.tgz",
      "integrity": "sha512-MxwHqXBrJZ2Jn5Xg+FuChmvCkiMnjjKGF3dzeHS3ohjFdePAFBjep85LQ6dm9Vvo9pwp4/QnF2i+5d+Py89gCA=="
    }
  },
  "dependencies": {
    "@mitraksh/repo1": {
      "version": "1.0.5",
      "resolved": "https://registry.npmjs.org/@mitraksh/repo1/-/repo1-1.0.5.tgz",
      "integrity": "sha512-MxwHqXBrJZ2Jn5Xg+FuChmvCkiMnjjKGF3dzeHS3ohjFdePAFBjep85LQ6dm9Vvo9pwp4/QnF2i+5d+Py89gCA=="
    }
  }
}
